
Microsoft Visual Studio Solution File, Format Version 12.00
# Visual Studio Version 17
VisualStudioVersion = 17.0.32014.148
MinimumVisualStudioVersion = 10.0.40219.1
Project("{FAE04EC0-301F-11D3-BF4B-00C04F79EFBC}") = "PastaShop", "PastaShop\PastaShop.csproj", "{4B069093-917F-4A4E-BA7B-90ED49E21CFE}"
EndProject
Global
	GlobalSection(SolutionConfigurationPlatforms) = preSolution
		Debug|Any CPU = Debug|Any CPU
		Release|Any CPU = Release|Any CPU
	EndGlobalSection
	GlobalSection(ProjectConfigurationPlatforms) = postSolution
		{4B069093-917F-4A4E-BA7B-90ED49E21CFE}.Debug|Any CPU.ActiveCfg = Debug|Any CPU
		{4B069093-917F-4A4E-BA7B-90ED49E21CFE}.Debug|Any CPU.Build.0 = Debug|Any CPU
		{4B069093-917F-4A4E-BA7B-90ED49E21CFE}.Release|Any CPU.ActiveCfg = Release|Any CPU
		{4B069093-917F-4A4E-BA7B-90ED49E21CFE}.Release|Any CPU.Build.0 = Release|Any CPU
	EndGlobalSection
	GlobalSection(SolutionProperties) = preSolution
		HideSolutionNode = FALSE
	EndGlobalSection
	GlobalSection(ExtensibilityGlobals) = postSolution
		SolutionGuid = {8AEE4E9E-2858-485A-BFB1-474E44AE7837}
	EndGlobalSection
EndGlobal
